
Microsoft Visual Studio Solution File, Format Version 12.00
# Visual Studio Version 17
VisualStudioVersion = 17.0.31903.59
MinimumVisualStudioVersion = 10.0.40219.1
Project("{FAE04EC0-301F-11D3-BF4B-00C04F79EFBC}") = "DoubleV.API", "DoubleV.API\DoubleV.API.csproj", "{12353467-A2E4-427C-9292-09BCB31B99FD}"
EndProject
Project("{FAE04EC0-301F-11D3-BF4B-00C04F79EFBC}") = "DoubleV.Application", "DoubleV.Application\DoubleV.Application.csproj", "{AAFB2D72-32D6-4BE4-9E99-6E5BB9668FBC}"
EndProject
Project("{FAE04EC0-301F-11D3-BF4B-00C04F79EFBC}") = "DoubleV.Infrastructure", "DoubleV.Infrastructure\DoubleV.Infrastructure.csproj", "{60CA74A1-D925-43A6-A79D-2FB5D6B68952}"
EndProject
Project("{FAE04EC0-301F-11D3-BF4B-00C04F79EFBC}") = "DoubleV.Domain", "DoubleV.Domain\DoubleV.Domain.csproj", "{3A3E1E94-F048-44F5-9A65-217ACE52F6B2}"
EndProject
Global
	GlobalSection(SolutionConfigurationPlatforms) = preSolution
		Debug|Any CPU = Debug|Any CPU
		Release|Any CPU = Release|Any CPU
	EndGlobalSection
	GlobalSection(SolutionProperties) = preSolution
		HideSolutionNode = FALSE
	EndGlobalSection
	GlobalSection(ProjectConfigurationPlatforms) = postSolution
		{12353467-A2E4-427C-9292-09BCB31B99FD}.Debug|Any CPU.ActiveCfg = Debug|Any CPU
		{12353467-A2E4-427C-9292-09BCB31B99FD}.Debug|Any CPU.Build.0 = Debug|Any CPU
		{12353467-A2E4-427C-9292-09BCB31B99FD}.Release|Any CPU.ActiveCfg = Release|Any CPU
		{12353467-A2E4-427C-9292-09BCB31B99FD}.Release|Any CPU.Build.0 = Release|Any CPU
		{AAFB2D72-32D6-4BE4-9E99-6E5BB9668FBC}.Debug|Any CPU.ActiveCfg = Debug|Any CPU
		{AAFB2D72-32D6-4BE4-9E99-6E5BB9668FBC}.Debug|Any CPU.Build.0 = Debug|Any CPU
		{AAFB2D72-32D6-4BE4-9E99-6E5BB9668FBC}.Release|Any CPU.ActiveCfg = Release|Any CPU
		{AAFB2D72-32D6-4BE4-9E99-6E5BB9668FBC}.Release|Any CPU.Build.0 = Release|Any CPU
		{60CA74A1-D925-43A6-A79D-2FB5D6B68952}.Debug|Any CPU.ActiveCfg = Debug|Any CPU
		{60CA74A1-D925-43A6-A79D-2FB5D6B68952}.Debug|Any CPU.Build.0 = Debug|Any CPU
		{60CA74A1-D925-43A6-A79D-2FB5D6B68952}.Release|Any CPU.ActiveCfg = Release|Any CPU
		{60CA74A1-D925-43A6-A79D-2FB5D6B68952}.Release|Any CPU.Build.0 = Release|Any CPU
		{3A3E1E94-F048-44F5-9A65-217ACE52F6B2}.Debug|Any CPU.ActiveCfg = Debug|Any CPU
		{3A3E1E94-F048-44F5-9A65-217ACE52F6B2}.Debug|Any CPU.Build.0 = Debug|Any CPU
		{3A3E1E94-F048-44F5-9A65-217ACE52F6B2}.Release|Any CPU.ActiveCfg = Release|Any CPU
		{3A3E1E94-F048-44F5-9A65-217ACE52F6B2}.Release|Any CPU.Build.0 = Release|Any CPU
	EndGlobalSection
EndGlobal
